
Microsoft Visual Studio Solution File, Format Version 12.00
Project("{FAE04EC0-301F-11D3-BF4B-00C04F79EFBC}") = "ParallAI.Core", "ParallAI.Core\ParallAI.Core.csproj", "{03B6BE89-7892-4C02-89C5-52FE3A87100F}"
EndProject
Project("{FAE04EC0-301F-11D3-BF4B-00C04F79EFBC}") = "ParallAI.TeleBot", "ParallAI.TeleBot\ParallAI.TeleBot.csproj", "{53CF8636-1A39-4E9C-A8F9-A420EC6DB697}"
EndProject
Project("{FAE04EC0-301F-11D3-BF4B-00C04F79EFBC}") = "ParallAI.Infrastructure", "ParallAI.Infrastructure\ParallAI.Infrastructure.csproj", "{B301F7E6-2B55-4164-B6FF-433148E12B5A}"
EndProject
Project("{FAE04EC0-301F-11D3-BF4B-00C04F79EFBC}") = "ParallAI.Infrastructure.Tests", "ParallAI.Infrastructure.Tests\ParallAI.Infrastructure.Tests.csproj", "{71A86298-0B2B-42D5-AADD-16D2356A9536}"
EndProject
Project("{FAE04EC0-301F-11D3-BF4B-00C04F79EFBC}") = "ParallAI.Host", "ParallAI.Host\ParallAI.Host.csproj", "{674BD2BD-1860-4E19-A9CA-0D1F22A60B40}"
EndProject
Project("{FAE04EC0-301F-11D3-BF4B-00C04F79EFBC}") = "ParallAI.TeleBot.Core", "ParallAI.TeleBot.Core\ParallAI.TeleBot.Core.csproj", "{4FFD75D2-ADBB-4CE9-9FFE-E9DC7099D2F3}"
EndProject
Project("{FAE04EC0-301F-11D3-BF4B-00C04F79EFBC}") = "ParallAI.MarkdownV2", "ParallAI.MarkdownV2\ParallAI.MarkdownV2.csproj", "{19629862-5594-4D69-878D-FB1BE560EB4C}"
EndProject
Project("{2150E333-8FDC-42A3-9474-1A3956D46DE8}") = "Solution Items", "Solution Items", "{7F8602F5-82A4-4479-AF01-4DE3CB33CF29}"
	ProjectSection(SolutionItems) = preProject
		compose.override.yaml = compose.override.yaml
	EndProjectSection
EndProject
Project("{FAE04EC0-301F-11D3-BF4B-00C04F79EFBC}") = "ParallAI.MarkdownV2.Tests", "ParallAI.MarkdownV2.Tests\ParallAI.MarkdownV2.Tests.csproj", "{2AA50F30-0401-4D6A-ABDE-304F78251136}"
EndProject
Project("{FAE04EC0-301F-11D3-BF4B-00C04F79EFBC}") = "ParallAI.TeleBot.Tests", "ParallAI.TeleBot.Tests\ParallAI.TeleBot.Tests.csproj", "{0B4DF4E7-99B3-4271-9985-0A0921146D6D}"
EndProject
Project("{FAE04EC0-301F-11D3-BF4B-00C04F79EFBC}") = "ParallAI.Core.Tests", "ParallAI.Core.Tests\ParallAI.Core.Tests.csproj", "{D36A01DC-098B-4FC1-BB44-8C24887B12FF}"
EndProject
Project("{FAE04EC0-301F-11D3-BF4B-00C04F79EFBC}") = "ParallAI.Metrics", "ParallAI.Metrics\ParallAI.Metrics.csproj", "{EB0CF0CE-2407-4A5F-A4FB-598F37FBD7B5}"
EndProject
Global
	GlobalSection(SolutionConfigurationPlatforms) = preSolution
		Debug|Any CPU = Debug|Any CPU
		Release|Any CPU = Release|Any CPU
	EndGlobalSection
	GlobalSection(ProjectConfigurationPlatforms) = postSolution
		{03B6BE89-7892-4C02-89C5-52FE3A87100F}.Debug|Any CPU.ActiveCfg = Debug|Any CPU
		{03B6BE89-7892-4C02-89C5-52FE3A87100F}.Debug|Any CPU.Build.0 = Debug|Any CPU
		{03B6BE89-7892-4C02-89C5-52FE3A87100F}.Release|Any CPU.ActiveCfg = Release|Any CPU
		{03B6BE89-7892-4C02-89C5-52FE3A87100F}.Release|Any CPU.Build.0 = Release|Any CPU
		{53CF8636-1A39-4E9C-A8F9-A420EC6DB697}.Debug|Any CPU.ActiveCfg = Debug|Any CPU
		{53CF8636-1A39-4E9C-A8F9-A420EC6DB697}.Debug|Any CPU.Build.0 = Debug|Any CPU
		{53CF8636-1A39-4E9C-A8F9-A420EC6DB697}.Release|Any CPU.ActiveCfg = Release|Any CPU
		{53CF8636-1A39-4E9C-A8F9-A420EC6DB697}.Release|Any CPU.Build.0 = Release|Any CPU
		{B301F7E6-2B55-4164-B6FF-433148E12B5A}.Debug|Any CPU.ActiveCfg = Debug|Any CPU
		{B301F7E6-2B55-4164-B6FF-433148E12B5A}.Debug|Any CPU.Build.0 = Debug|Any CPU
		{B301F7E6-2B55-4164-B6FF-433148E12B5A}.Release|Any CPU.ActiveCfg = Release|Any CPU
		{B301F7E6-2B55-4164-B6FF-433148E12B5A}.Release|Any CPU.Build.0 = Release|Any CPU
		{71A86298-0B2B-42D5-AADD-16D2356A9536}.Debug|Any CPU.ActiveCfg = Debug|Any CPU
		{71A86298-0B2B-42D5-AADD-16D2356A9536}.Debug|Any CPU.Build.0 = Debug|Any CPU
		{71A86298-0B2B-42D5-AADD-16D2356A9536}.Release|Any CPU.ActiveCfg = Release|Any CPU
		{71A86298-0B2B-42D5-AADD-16D2356A9536}.Release|Any CPU.Build.0 = Release|Any CPU
		{674BD2BD-1860-4E19-A9CA-0D1F22A60B40}.Debug|Any CPU.ActiveCfg = Debug|Any CPU
		{674BD2BD-1860-4E19-A9CA-0D1F22A60B40}.Debug|Any CPU.Build.0 = Debug|Any CPU
		{674BD2BD-1860-4E19-A9CA-0D1F22A60B40}.Release|Any CPU.ActiveCfg = Release|Any CPU
		{674BD2BD-1860-4E19-A9CA-0D1F22A60B40}.Release|Any CPU.Build.0 = Release|Any CPU
		{4FFD75D2-ADBB-4CE9-9FFE-E9DC7099D2F3}.Debug|Any CPU.ActiveCfg = Debug|Any CPU
		{4FFD75D2-ADBB-4CE9-9FFE-E9DC7099D2F3}.Debug|Any CPU.Build.0 = Debug|Any CPU
		{4FFD75D2-ADBB-4CE9-9FFE-E9DC7099D2F3}.Release|Any CPU.ActiveCfg = Release|Any CPU
		{4FFD75D2-ADBB-4CE9-9FFE-E9DC7099D2F3}.Release|Any CPU.Build.0 = Release|Any CPU
		{19629862-5594-4D69-878D-FB1BE560EB4C}.Debug|Any CPU.ActiveCfg = Debug|Any CPU
		{19629862-5594-4D69-878D-FB1BE560EB4C}.Debug|Any CPU.Build.0 = Debug|Any CPU
		{19629862-5594-4D69-878D-FB1BE560EB4C}.Release|Any CPU.ActiveCfg = Release|Any CPU
		{19629862-5594-4D69-878D-FB1BE560EB4C}.Release|Any CPU.Build.0 = Release|Any CPU
		{2AA50F30-0401-4D6A-ABDE-304F78251136}.Debug|Any CPU.ActiveCfg = Debug|Any CPU
		{2AA50F30-0401-4D6A-ABDE-304F78251136}.Debug|Any CPU.Build.0 = Debug|Any CPU
		{2AA50F30-0401-4D6A-ABDE-304F78251136}.Release|Any CPU.ActiveCfg = Release|Any CPU
		{2AA50F30-0401-4D6A-ABDE-304F78251136}.Release|Any CPU.Build.0 = Release|Any CPU
		{0B4DF4E7-99B3-4271-9985-0A0921146D6D}.Debug|Any CPU.ActiveCfg = Debug|Any CPU
		{0B4DF4E7-99B3-4271-9985-0A0921146D6D}.Debug|Any CPU.Build.0 = Debug|Any CPU
		{0B4DF4E7-99B3-4271-9985-0A0921146D6D}.Release|Any CPU.ActiveCfg = Release|Any CPU
		{0B4DF4E7-99B3-4271-9985-0A0921146D6D}.Release|Any CPU.Build.0 = Release|Any CPU
		{D36A01DC-098B-4FC1-BB44-8C24887B12FF}.Debug|Any CPU.ActiveCfg = Debug|Any CPU
		{D36A01DC-098B-4FC1-BB44-8C24887B12FF}.Debug|Any CPU.Build.0 = Debug|Any CPU
		{D36A01DC-098B-4FC1-BB44-8C24887B12FF}.Release|Any CPU.ActiveCfg = Release|Any CPU
		{D36A01DC-098B-4FC1-BB44-8C24887B12FF}.Release|Any CPU.Build.0 = Release|Any CPU
		{EB0CF0CE-2407-4A5F-A4FB-598F37FBD7B5}.Debug|Any CPU.ActiveCfg = Debug|Any CPU
		{EB0CF0CE-2407-4A5F-A4FB-598F37FBD7B5}.Debug|Any CPU.Build.0 = Debug|Any CPU
		{EB0CF0CE-2407-4A5F-A4FB-598F37FBD7B5}.Release|Any CPU.ActiveCfg = Release|Any CPU
		{EB0CF0CE-2407-4A5F-A4FB-598F37FBD7B5}.Release|Any CPU.Build.0 = Release|Any CPU
	EndGlobalSection
EndGlobal
